# This file was autogenerated by Stack.
# You should not edit this file by hand.
# For more information, please see the documentation at:
#   https://docs.haskellstack.org/en/stable/topics/lock_files

packages: []
snapshots:
- completed:
    sha256: 5524530ac8c0fd4c9d7488442ff14edb0fcbf4989b928b86398f94f367e01ee3
    size: 726110
    url: https://raw.githubusercontent.com/commercialhaskell/stackage-snapshots/master/lts/24/19.yaml
  original: lts-24.19
