# This file was autogenerated by Stack.
# You should not edit this file by hand.
# For more information, please see the documentation at:
#   https://docs.haskellstack.org/en/stable/lock_files

packages:
- completed:
    hackage: copilot-3.0.1@sha256:7faa685324a3a3b0f1b2ba1638ba2c99a9c2887105af9f0b9f14b3236c22a44f,2040
    pantry-tree:
      size: 568
      sha256: 80ee00b549a78aec160b62a30e543a3366b80fa6e6501a8c2487f99b993daa62
  original:
    hackage: copilot-3.0.1
- completed:
    hackage: copilot-c99-3.0.2@sha256:e84e435eeb7eb0e8e69a016aae5a18c07980cb7caa4d049c29d21d96bf55df91,2274
    pantry-tree:
      size: 644
      sha256: 71f79a08fadf3aae2bab3a807c7ad63167319014bc8c5bf586cde49fe5ca4344
  original:
    hackage: copilot-c99-3.0.2@sha256:e84e435eeb7eb0e8e69a016aae5a18c07980cb7caa4d049c29d21d96bf55df91,2274
- completed:
    hackage: copilot-core-3.0.1@sha256:cd5f4d47fba9e717b274cf393a86c8d60103c009c694f570746401f085b14426,2121
    pantry-tree:
      size: 1882
      sha256: f68e6f0f28a7ae705799cf37feadf237fa3d3c258fb0e53b7792a665e9e328b0
  original:
    hackage: copilot-core-3.0.1@sha256:cd5f4d47fba9e717b274cf393a86c8d60103c009c694f570746401f085b14426,2121
- completed:
    hackage: copilot-language-3.0.1@sha256:581c6cc1205b8e5022e1afee54149de0c84a4c31f9e8412aab947d1a979075db,2937
    pantry-tree:
      size: 2181
      sha256: 3bb29b06dc89d2e41da34e2945044e080938ef19c21740e8846dca02ff7d9ca4
  original:
    hackage: copilot-language-3.0.1@sha256:581c6cc1205b8e5022e1afee54149de0c84a4c31f9e8412aab947d1a979075db,2937
- completed:
    hackage: copilot-libraries-3.0@sha256:e085b7f1ff3f8a0cb307c03ffffbe930e1eeabdf962d07431b8b74f6e8d434de,1966
    pantry-tree:
      size: 909
      sha256: f7cbae21502cccbdc7214b86095d52b78eb479f8c16902cfa987dff0b6dcde16
  original:
    hackage: copilot-libraries-3.0@sha256:e085b7f1ff3f8a0cb307c03ffffbe930e1eeabdf962d07431b8b74f6e8d434de,1966
- completed:
    hackage: copilot-theorem-3.0@sha256:a04e72748753e279f17f814c953100490ddfd65c7860b29b72b0c18f8f3955ef,4225
    pantry-tree:
      size: 2624
      sha256: 630999d9ee57e73a0e6babcd0cf3df93ffda748220ab0d7f81f7fa4ef27ecb20
  original:
    hackage: copilot-theorem-3.0@sha256:a04e72748753e279f17f814c953100490ddfd65c7860b29b72b0c18f8f3955ef,4225
- completed:
    hackage: bimap-0.3.3@sha256:232518c0410990665b9c8677eb9318ee355c001d58945ddcbedec3baa30b4160,1475
    pantry-tree:
      size: 414
      sha256: 5c7485014c2f342d215ace99cd06361f7607169aebe8d4aca2f265fa5c3c6761
  original:
    hackage: bimap-0.3.3@sha256:232518c0410990665b9c8677eb9318ee355c001d58945ddcbedec3baa30b4160,1475
- completed:
    hackage: language-c99-0.1.1@sha256:c06430bfa5b52cefc8cce142ea9a1e52b2900f5d84408d6b198ddcdb1c5bff0a,1587
    pantry-tree:
      size: 399
      sha256: de3e5af62744508f8271c053ad2c598b6819e6fafeece4e3b5d27cf71e0d3a59
  original:
    hackage: language-c99-0.1.1@sha256:c06430bfa5b52cefc8cce142ea9a1e52b2900f5d84408d6b198ddcdb1c5bff0a,1587
- completed:
    hackage: language-c99-simple-0.1.2@sha256:5b522616fa22a0909250d56a0632f1f1cae1c38d585149e13eeb809103af9543,1540
    pantry-tree:
      size: 574
      sha256: 1d297b46c78e2a498f7828bddc794d8355656273f7334f8ab27452ccfd28d5be
  original:
    hackage: language-c99-simple-0.1.2@sha256:5b522616fa22a0909250d56a0632f1f1cae1c38d585149e13eeb809103af9543,1540
- completed:
    hackage: language-c99-util-0.1.1@sha256:480adee2ba3045d04305be5362be991b1814faf58cfd7af1f845d0fc9dbcf3a7,1177
    pantry-tree:
      size: 489
      sha256: 3a5e1387e9b073dad4f51fa749fd4c33e2abe31566b63a120a38a7f88d809493
  original:
    hackage: language-c99-util-0.1.1@sha256:480adee2ba3045d04305be5362be991b1814faf58cfd7af1f845d0fc9dbcf3a7,1177
snapshots:
- completed:
    size: 524127
    url: https://raw.githubusercontent.com/commercialhaskell/stackage-snapshots/master/lts/14/6.yaml
    sha256: dc70dfb45e2c32f54719819bd055f46855dd4b3bd2e58b9f3f38729a2d553fbb
  original: lts-14.6
